<?xml version="1.0" encoding="utf-8"?>
<Project ToolsVersion="4.0" xmlns="http://schemas.microsoft.com/developer/msbuild/2003">
  <ItemGroup>
    <Filter Include="Source Files">
      <UniqueIdentifier>{4FC737F1-C7A5-4376-A066-2A32D752A2FF}</UniqueIdentifier>
      <Extensions>cpp;c;cc;cxx;c++;cppm;ixx;def;odl;idl;hpj;bat;asm;asmx</Extensions>
    </Filter>
    <Filter Include="Header Files">
      <UniqueIdentifier>{93995380-89BD-4b04-88EB-625FBE52EBFB}</UniqueIdentifier>
      <Extensions>h;hh;hpp;hxx;h++;hm;inl;inc;ipp;xsd</Extensions>
    </Filter>
    <Filter Include="Resource Files">
      <UniqueIdentifier>{67DA6AB6-F800-4c08-8B7A-83BB121AAD01}</UniqueIdentifier>
      <Extensions>rc;ico;cur;bmp;dlg;rc2;rct;bin;rgs;gif;jpg;jpeg;jpe;resx;tiff;tif;png;wav;mfcribbon-ms</Extensions>
    </Filter>
    <Filter Include="Source Files\Dto">
      <UniqueIdentifier>{160b8d9c-a6b0-4481-b717-ec2c0434d6ec}</UniqueIdentifier>
    </Filter>
    <Filter Include="Header Files\Dto">
      <UniqueIdentifier>{babb59f9-6ccf-4975-93c4-919a72c55df3}</UniqueIdentifier>
    </Filter>
    <Filter Include="Header Files\Model">
      <UniqueIdentifier>{3ac35f0f-f008-46dd-8510-f16fb2b2c0c5}</UniqueIdentifier>
    </Filter>
    <Filter Include="Header Files\Services">
      <UniqueIdentifier>{766a01cd-c649-4c8a-84c3-0d1c5f57bc24}</UniqueIdentifier>
    </Filter>
  </ItemGroup>
  <ItemGroup>
    <ClCompile Include="Warehouse.cpp">
      <Filter>Source Files</Filter>
    </ClCompile>
    <ClCompile Include="WarehouseLocation.cpp">
      <Filter>Source Files</Filter>
    </ClCompile>
    <ClCompile Include="Product.cpp">
      <Filter>Source Files</Filter>
    </ClCompile>
    <ClCompile Include="WarehouseDocument.cpp">
      <Filter>Source Files</Filter>
    </ClCompile>
    <ClCompile Include="WarehouseDocumentReception.cpp">
      <Filter>Source Files</Filter>
    </ClCompile>
    <ClCompile Include="WarehouseDocumentRelease.cpp">
      <Filter>Source Files</Filter>
    </ClCompile>
    <ClCompile Include="WarehouseDbContext.cpp">
      <Filter>Source Files</Filter>
    </ClCompile>
    <ClCompile Include="WarehouseService.cpp">
      <Filter>Source Files</Filter>
    </ClCompile>
    <ClCompile Include="Program.cpp">
      <Filter>Source Files</Filter>
    </ClCompile>
    <ClCompile Include="WarehouseApp.cpp">
      <Filter>Source Files</Filter>
    </ClCompile>
    <ClCompile Include="WarehosueDto.cpp">
      <Filter>Source Files</Filter>
    </ClCompile>
    <ClCompile Include="StorageArea.cpp">
      <Filter>Source Files</Filter>
    </ClCompile>
    <ClCompile Include="StorageConditions.cpp">
      <Filter>Source Files</Filter>
    </ClCompile>
    <ClCompile Include="TemperaturStorageConditions.cpp">
      <Filter>Source Files</Filter>
    </ClCompile>
    <ClCompile Include="HumidityStorageConditions.cpp">
      <Filter>Source Files</Filter>
    </ClCompile>
    <ClCompile Include="WarehouseDocumentService.cpp">
      <Filter>Source Files</Filter>
    </ClCompile>
    <ClCompile Include="WarehouseLocationDto.cpp">
      <Filter>Source Files</Filter>
    </ClCompile>
    <ClCompile Include="WarehouseDocumentDto.cpp">
      <Filter>Source Files</Filter>
    </ClCompile>
    <ClCompile Include="ProductDto.cpp">
      <Filter>Source Files</Filter>
    </ClCompile>
    <ClCompile Include="StorageConditionsDto.cpp">
      <Filter>Source Files</Filter>
    </ClCompile>
    <ClCompile Include="GuidProvider.cpp">
      <Filter>Source Files</Filter>
    </ClCompile>
    <ClCompile Include="WarehouseLocationService.cpp">
      <Filter>Source Files</Filter>
    </ClCompile>
    <ClCompile Include="WarehouseProductService.cpp">
      <Filter>Source Files</Filter>
    </ClCompile>
    <ClCompile Include="WarehouseLocationProduct.cpp">
      <Filter>Source Files</Filter>
    </ClCompile>
    <ClCompile Include="C:\sqlite\sqlite-amalgamation-3420000\sqlite3.c">
      <Filter>Source Files</Filter>
    </ClCompile>
  </ItemGroup>
  <ItemGroup>
    <ClInclude Include="WarehouseDbContext.h">
      <Filter>Header Files</Filter>
    </ClInclude>
    <ClInclude Include="WarehouseApp.h">
      <Filter>Header Files</Filter>
    </ClInclude>
    <ClInclude Include="WarehosueDto.h">
      <Filter>Header Files\Dto</Filter>
    </ClInclude>
    <ClInclude Include="Product.h">
      <Filter>Header Files\Model</Filter>
    </ClInclude>
    <ClInclude Include="HumidityStorageConditions.h">
      <Filter>Header Files\Model</Filter>
    </ClInclude>
    <ClInclude Include="StorageArea.h">
      <Filter>Header Files\Model</Filter>
    </ClInclude>
    <ClInclude Include="StorageConditions.h">
      <Filter>Header Files\Model</Filter>
    </ClInclude>
    <ClInclude Include="TemperaturStorageConditions.h">
      <Filter>Header Files\Model</Filter>
    </ClInclude>
    <ClInclude Include="Warehouse.h">
      <Filter>Header Files\Model</Filter>
    </ClInclude>
    <ClInclude Include="WarehouseDocument.h">
      <Filter>Header Files\Model</Filter>
    </ClInclude>
    <ClInclude Include="WarehouseDocumentReception.h">
      <Filter>Header Files\Model</Filter>
    </ClInclude>
    <ClInclude Include="WarehouseDocumentRelease.h">
      <Filter>Header Files\Model</Filter>
    </ClInclude>
    <ClInclude Include="WarehouseLocation.h">
      <Filter>Header Files\Model</Filter>
    </ClInclude>
    <ClInclude Include="WarehouseService.h">
      <Filter>Header Files\Services</Filter>
    </ClInclude>
    <ClInclude Include="WarehouseDocumentService.h">
      <Filter>Header Files\Services</Filter>
    </ClInclude>
    <ClInclude Include="WarehouseDocumentDto.h">
      <Filter>Header Files</Filter>
    </ClInclude>
    <ClInclude Include="ProductDto.h">
      <Filter>Header Files\Dto</Filter>
    </ClInclude>
    <ClInclude Include="WarehouseLocationDto.h">
      <Filter>Header Files\Dto</Filter>
    </ClInclude>
    <ClInclude Include="StorageConditionsDto.h">
      <Filter>Header Files</Filter>
    </ClInclude>
    <ClInclude Include="GuidProvider.h">
      <Filter>Header Files</Filter>
    </ClInclude>
    <ClInclude Include="WarehouseLocationService.h">
      <Filter>Header Files\Services</Filter>
    </ClInclude>
    <ClInclude Include="WarehouseProductService.h">
      <Filter>Header Files\Services</Filter>
    </ClInclude>
    <ClInclude Include="WarehouseLocationProduct.h">
      <Filter>Header Files\Model</Filter>
    </ClInclude>
  </ItemGroup>
  <ItemGroup>
    <None Include="packages.config" />
  </ItemGroup>
</Project>