<?xml version="1.0" encoding="utf-8"?>
<Project ToolsVersion="4.0" xmlns="http://schemas.microsoft.com/developer/msbuild/2003">
  <ItemGroup>
    <Filter Include="Source Files">
      <UniqueIdentifier>{4FC737F1-C7A5-4376-A066-2A32D752A2FF}</UniqueIdentifier>
      <Extensions>cpp;c;cc;cxx;c++;cppm;ixx;def;odl;idl;hpj;bat;asm;asmx</Extensions>
    </Filter>
    <Filter Include="Header Files">
      <UniqueIdentifier>{93995380-89BD-4b04-88EB-625FBE52EBFB}</UniqueIdentifier>
      <Extensions>h;hh;hpp;hxx;h++;hm;inl;inc;ipp;xsd</Extensions>
    </Filter>
    <Filter Include="Resource Files">
      <UniqueIdentifier>{67DA6AB6-F800-4c08-8B7A-83BB121AAD01}</UniqueIdentifier>
      <Extensions>rc;ico;cur;bmp;dlg;rc2;rct;bin;rgs;gif;jpg;jpeg;jpe;resx;tiff;tif;png;wav;mfcribbon-ms</Extensions>
    </Filter>
    <Filter Include="Header Files\Model">
      <UniqueIdentifier>{3ac35f0f-f008-46dd-8510-f16fb2b2c0c5}</UniqueIdentifier>
    </Filter>
    <Filter Include="Header Files\Repositories">
      <UniqueIdentifier>{3ae8e26f-52e0-437c-a6f3-bf5d186c61c0}</UniqueIdentifier>
    </Filter>
    <Filter Include="Source Files\Model">
      <UniqueIdentifier>{a8cb501d-9fd6-493a-aff3-a236db2cd59e}</UniqueIdentifier>
    </Filter>
    <Filter Include="Source Files\Repositories">
      <UniqueIdentifier>{a42283d9-6eef-446b-b9dc-a5c9ace752b0}</UniqueIdentifier>
    </Filter>
  </ItemGroup>
  <ItemGroup>
    <ClCompile Include="Program.cpp">
      <Filter>Source Files</Filter>
    </ClCompile>
    <ClCompile Include="GuidProvider.cpp">
      <Filter>Source Files</Filter>
    </ClCompile>
    <ClCompile Include="C:\sqlite\sqlite-amalgamation-3420000\sqlite3.c">
      <Filter>Source Files</Filter>
    </ClCompile>
    <ClCompile Include="HumidityStorageConditions.cpp">
      <Filter>Source Files\Model</Filter>
    </ClCompile>
    <ClCompile Include="ProuductRepository.cpp">
      <Filter>Source Files\Repositories</Filter>
    </ClCompile>
    <ClCompile Include="Product.cpp">
      <Filter>Source Files\Model</Filter>
    </ClCompile>
    <ClCompile Include="ReceptionProduct.cpp">
      <Filter>Source Files\Model</Filter>
    </ClCompile>
    <ClCompile Include="StorageArea.cpp">
      <Filter>Source Files\Model</Filter>
    </ClCompile>
    <ClCompile Include="Warehouse.cpp">
      <Filter>Source Files\Model</Filter>
    </ClCompile>
    <ClCompile Include="StorageConditions.cpp">
      <Filter>Source Files\Model</Filter>
    </ClCompile>
    <ClCompile Include="WarehouseDocument.cpp">
      <Filter>Source Files\Model</Filter>
    </ClCompile>
    <ClCompile Include="WarehouseDocumentReception.cpp">
      <Filter>Source Files\Model</Filter>
    </ClCompile>
    <ClCompile Include="WarehouseDocumentRelease.cpp">
      <Filter>Source Files\Model</Filter>
    </ClCompile>
    <ClCompile Include="TemperaturStorageConditions.cpp">
      <Filter>Source Files\Model</Filter>
    </ClCompile>
    <ClCompile Include="WarehouseLocationFifo.cpp">
      <Filter>Source Files\Model</Filter>
    </ClCompile>
    <ClCompile Include="WarehouseLocation.cpp">
      <Filter>Source Files\Model</Filter>
    </ClCompile>
    <ClCompile Include="WarehouseLocationFilo.cpp">
      <Filter>Source Files\Model</Filter>
    </ClCompile>
    <ClCompile Include="WarehouseLocationRepository.cpp">
      <Filter>Source Files\Repositories</Filter>
    </ClCompile>
    <ClCompile Include="WarehouseRepository.cpp">
      <Filter>Source Files\Repositories</Filter>
    </ClCompile>
    <ClCompile Include="WarehouseLocationProduct.cpp">
      <Filter>Source Files\Model</Filter>
    </ClCompile>
    <ClCompile Include="WarehouseDocumentRepository.cpp">
      <Filter>Source Files\Repositories</Filter>
    </ClCompile>
    <ClCompile Include="UIManager.cpp">
      <Filter>Source Files</Filter>
    </ClCompile>
    <ClCompile Include="SeedingService.cpp">
      <Filter>Source Files</Filter>
    </ClCompile>
    <ClCompile Include="DocumentProduct.cpp">
      <Filter>Source Files\Model</Filter>
    </ClCompile>
  </ItemGroup>
  <ItemGroup>
    <ClInclude Include="Product.h">
      <Filter>Header Files\Model</Filter>
    </ClInclude>
    <ClInclude Include="HumidityStorageConditions.h">
      <Filter>Header Files\Model</Filter>
    </ClInclude>
    <ClInclude Include="StorageArea.h">
      <Filter>Header Files\Model</Filter>
    </ClInclude>
    <ClInclude Include="StorageConditions.h">
      <Filter>Header Files\Model</Filter>
    </ClInclude>
    <ClInclude Include="TemperaturStorageConditions.h">
      <Filter>Header Files\Model</Filter>
    </ClInclude>
    <ClInclude Include="Warehouse.h">
      <Filter>Header Files\Model</Filter>
    </ClInclude>
    <ClInclude Include="WarehouseDocument.h">
      <Filter>Header Files\Model</Filter>
    </ClInclude>
    <ClInclude Include="WarehouseDocumentReception.h">
      <Filter>Header Files\Model</Filter>
    </ClInclude>
    <ClInclude Include="WarehouseDocumentRelease.h">
      <Filter>Header Files\Model</Filter>
    </ClInclude>
    <ClInclude Include="WarehouseLocation.h">
      <Filter>Header Files\Model</Filter>
    </ClInclude>
    <ClInclude Include="GuidProvider.h">
      <Filter>Header Files</Filter>
    </ClInclude>
    <ClInclude Include="WarehouseLocationProduct.h">
      <Filter>Header Files\Model</Filter>
    </ClInclude>
    <ClInclude Include="WarehouseRepository.h">
      <Filter>Header Files\Repositories</Filter>
    </ClInclude>
    <ClInclude Include="WarehouseLocationRepository.h">
      <Filter>Header Files\Repositories</Filter>
    </ClInclude>
    <ClInclude Include="WarehouseDocumentRepository.h">
      <Filter>Header Files\Repositories</Filter>
    </ClInclude>
    <ClInclude Include="ProuductRepository.h">
      <Filter>Header Files\Repositories</Filter>
    </ClInclude>
    <ClInclude Include="DocumentProduct.h">
      <Filter>Header Files\Model</Filter>
    </ClInclude>
    <ClInclude Include="WarehouseLocationFifo.h">
      <Filter>Header Files\Model</Filter>
    </ClInclude>
    <ClInclude Include="WarehouseLocationFilo.h">
      <Filter>Header Files\Model</Filter>
    </ClInclude>
    <ClInclude Include="UIManager.h">
      <Filter>Header Files</Filter>
    </ClInclude>
    <ClInclude Include="SeedingService.h">
      <Filter>Header Files</Filter>
    </ClInclude>
  </ItemGroup>
  <ItemGroup>
    <None Include="packages.config" />
  </ItemGroup>
</Project>